// !$*UTF8*$!
{
	archiveVersion = 1;
	classes = {
	};
	objectVersion = 46;
	objects = {

/* Begin PBXBuildFile section */
		5F834C511FD78F1E0092B859 /* main.cpp in Sources */ = {isa = PBXBuildFile; fileRef = 5F834C501FD78F1E0092B859 /* main.cpp */; };
		5FEE8C581FDE7BDE0034E890 /* lexicalHandler.h in Sources */ = {isa = PBXBuildFile; fileRef = 5FEE8C561FDE7BDE0034E890 /* lexicalHandler.h */; };
/* End PBXBuildFile section */

/* Begin PBXCopyFilesBuildPhase section */
		5F834C4B1FD78F1E0092B859 /* CopyFiles */ = {
			isa = PBXCopyFilesBuildPhase;
			buildActionMask = 2147483647;
			dstPath = /usr/share/man/man1/;
			dstSubfolderSpec = 0;
			files = (
			);
			runOnlyForDeploymentPostprocessing = 1;
		};
/* End PBXCopyFilesBuildPhase section */

/* Begin PBXFileReference section */
		5F0F59DA1FEE3A7600D8FEA5 /* dag.h */ = {isa = PBXFileReference; lastKnownFileType = sourcecode.c.h; path = dag.h; sourceTree = "<group>"; };
		5F7257A61FFF6B61002B5BD0 /* dataFlow.h */ = {isa = PBXFileReference; lastKnownFileType = sourcecode.c.h; path = dataFlow.h; sourceTree = "<group>"; };
		5F7257BA20006AEF002B5BD0 /* mipsGenerator.h */ = {isa = PBXFileReference; lastKnownFileType = sourcecode.c.h; path = mipsGenerator.h; sourceTree = "<group>"; };
		5F834C4D1FD78F1E0092B859 /* Compiler */ = {isa = PBXFileReference; explicitFileType = "compiled.mach-o.executable"; includeInIndex = 0; path = Compiler; sourceTree = BUILT_PRODUCTS_DIR; };
		5F834C501FD78F1E0092B859 /* main.cpp */ = {isa = PBXFileReference; lastKnownFileType = sourcecode.cpp.cpp; path = main.cpp; sourceTree = "<group>"; };
		5FC63C2C1FDE7F4B00450251 /* myStd.h */ = {isa = PBXFileReference; lastKnownFileType = sourcecode.c.h; path = myStd.h; sourceTree = "<group>"; };
		5FC63C2D1FDE81D800450251 /* grammarHandler.h */ = {isa = PBXFileReference; lastKnownFileType = sourcecode.c.h; path = grammarHandler.h; sourceTree = "<group>"; };
		5FC63C2E1FDE829800450251 /* error.h */ = {isa = PBXFileReference; lastKnownFileType = sourcecode.c.h; path = error.h; sourceTree = "<group>"; };
		5FC63C2F1FDE857800450251 /* enter.h */ = {isa = PBXFileReference; lastKnownFileType = sourcecode.c.h; path = enter.h; sourceTree = "<group>"; };
		5FC63C301FDE85B100450251 /* mipsGenerator_new.h */ = {isa = PBXFileReference; lastKnownFileType = sourcecode.c.h; path = mipsGenerator_new.h; sourceTree = "<group>"; };
		5FC63C311FDE86FD00450251 /* 文法.txt */ = {isa = PBXFileReference; fileEncoding = 4; lastKnownFileType = text; path = "文法.txt"; sourceTree = "<group>"; };
		5FEE8C561FDE7BDE0034E890 /* lexicalHandler.h */ = {isa = PBXFileReference; fileEncoding = 4; lastKnownFileType = sourcecode.c.h; path = lexicalHandler.h; sourceTree = "<group>"; };
		5FEE8C571FDE7BDE0034E890 /* headers.h */ = {isa = PBXFileReference; fileEncoding = 4; lastKnownFileType = sourcecode.c.h; path = headers.h; sourceTree = "<group>"; };
/* End PBXFileReference section */

/* Begin PBXFrameworksBuildPhase section */
		5F834C4A1FD78F1E0092B859 /* Frameworks */ = {
			isa = PBXFrameworksBuildPhase;
			buildActionMask = 2147483647;
			files = (
			);
			runOnlyForDeploymentPostprocessing = 0;
		};
/* End PBXFrameworksBuildPhase section */

/* Begin PBXGroup section */
		5F834C441FD78F1E0092B859 = {
			isa = PBXGroup;
			children = (
				5F834C4F1FD78F1E0092B859 /* Compiler */,
				5F834C4E1FD78F1E0092B859 /* Products */,
			);
			sourceTree = "<group>";
		};
		5F834C4E1FD78F1E0092B859 /* Products */ = {
			isa = PBXGroup;
			children = (
				5F834C4D1FD78F1E0092B859 /* Compiler */,
			);
			name = Products;
			sourceTree = "<group>";
		};
		5F834C4F1FD78F1E0092B859 /* Compiler */ = {
			isa = PBXGroup;
			children = (
				5FC63C311FDE86FD00450251 /* 文法.txt */,
				5F834C501FD78F1E0092B859 /* main.cpp */,
				5FEE8C561FDE7BDE0034E890 /* lexicalHandler.h */,
				5FEE8C571FDE7BDE0034E890 /* headers.h */,
				5FC63C2C1FDE7F4B00450251 /* myStd.h */,
				5FC63C2D1FDE81D800450251 /* grammarHandler.h */,
				5FC63C2E1FDE829800450251 /* error.h */,
				5FC63C2F1FDE857800450251 /* enter.h */,
				5FC63C301FDE85B100450251 /* mipsGenerator_new.h */,
				5F0F59DA1FEE3A7600D8FEA5 /* dag.h */,
				5F7257A61FFF6B61002B5BD0 /* dataFlow.h */,
				5F7257BA20006AEF002B5BD0 /* mipsGenerator.h */,
			);
			path = Compiler;
			sourceTree = "<group>";
		};
/* End PBXGroup section */

/* Begin PBXNativeTarget section */
		5F834C4C1FD78F1E0092B859 /* Compiler */ = {
			isa = PBXNativeTarget;
			buildConfigurationList = 5F834C541FD78F1E0092B859 /* Build configuration list for PBXNativeTarget "Compiler" */;
			buildPhases = (
				5F834C491FD78F1E0092B859 /* Sources */,
				5F834C4A1FD78F1E0092B859 /* Frameworks */,
				5F834C4B1FD78F1E0092B859 /* CopyFiles */,
			);
			buildRules = (
			);
			dependencies = (
			);
			name = Compiler;
			productName = Compiler;
			productReference = 5F834C4D1FD78F1E0092B859 /* Compiler */;
			productType = "com.apple.product-type.tool";
		};
/* End PBXNativeTarget section */

/* Begin PBXProject section */
		5F834C451FD78F1E0092B859 /* Project object */ = {
			isa = PBXProject;
			attributes = {
				LastUpgradeCheck = 0830;
				ORGANIZATIONNAME = ohazyi;
				TargetAttributes = {
					5F834C4C1FD78F1E0092B859 = {
						CreatedOnToolsVersion = 8.3.3;
						ProvisioningStyle = Automatic;
					};
				};
			};
			buildConfigurationList = 5F834C481FD78F1E0092B859 /* Build configuration list for PBXProject "Compiler" */;
			compatibilityVersion = "Xcode 3.2";
			developmentRegion = English;
			hasScannedForEncodings = 0;
			knownRegions = (
				en,
			);
			mainGroup = 5F834C441FD78F1E0092B859;
			productRefGroup = 5F834C4E1FD78F1E0092B859 /* Products */;
			projectDirPath = "";
			projectRoot = "";
			targets = (
				5F834C4C1FD78F1E0092B859 /* Compiler */,
			);
		};
/* End PBXProject section */

/* Begin PBXSourcesBuildPhase section */
		5F834C491FD78F1E0092B859 /* Sources */ = {
			isa = PBXSourcesBuildPhase;
			buildActionMask = 2147483647;
			files = (
				5FEE8C581FDE7BDE0034E890 /* lexicalHandler.h in Sources */,
				5F834C511FD78F1E0092B859 /* main.cpp in Sources */,
			);
			runOnlyForDeploymentPostprocessing = 0;
		};
/* End PBXSourcesBuildPhase section */

/* Begin XCBuildConfiguration section */
		5F834C521FD78F1E0092B859 /* Debug */ = {
			isa = XCBuildConfiguration;
			buildSettings = {
				ALWAYS_SEARCH_USER_PATHS = NO;
				CLANG_ANALYZER_NONNULL = YES;
				CLANG_ANALYZER_NUMBER_OBJECT_CONVERSION = YES_AGGRESSIVE;
				CLANG_CXX_LANGUAGE_STANDARD = "gnu++0x";
				CLANG_CXX_LIBRARY = "libc++";
				CLANG_ENABLE_MODULES = YES;
				CLANG_ENABLE_OBJC_ARC = YES;
				CLANG_WARN_BOOL_CONVERSION = YES;
				CLANG_WARN_CONSTANT_CONVERSION = YES;
				CLANG_WARN_DIRECT_OBJC_ISA_USAGE = YES_ERROR;
				CLANG_WARN_DOCUMENTATION_COMMENTS = YES;
				CLANG_WARN_EMPTY_BODY = YES;
				CLANG_WARN_ENUM_CONVERSION = YES;
				CLANG_WARN_INFINITE_RECURSION = YES;
				CLANG_WARN_INT_CONVERSION = YES;
				CLANG_WARN_OBJC_ROOT_CLASS = YES_ERROR;
				CLANG_WARN_SUSPICIOUS_MOVE = YES;
				CLANG_WARN_UNREACHABLE_CODE = YES;
				CLANG_WARN__DUPLICATE_METHOD_MATCH = YES;
				CODE_SIGN_IDENTITY = "-";
				COPY_PHASE_STRIP = NO;
				DEBUG_INFORMATION_FORMAT = dwarf;
				ENABLE_STRICT_OBJC_MSGSEND = YES;
				ENABLE_TESTABILITY = YES;
				GCC_C_LANGUAGE_STANDARD = gnu99;
				GCC_DYNAMIC_NO_PIC = NO;
				GCC_NO_COMMON_BLOCKS = YES;
				GCC_OPTIMIZATION_LEVEL = 0;
				GCC_PREPROCESSOR_DEFINITIONS = (
					"DEBUG=1",
					"$(inherited)",
				);
				GCC_WARN_64_TO_32_BIT_CONVERSION = YES;
				GCC_WARN_ABOUT_RETURN_TYPE = YES_ERROR;
				GCC_WARN_UNDECLARED_SELECTOR = YES;
				GCC_WARN_UNINITIALIZED_AUTOS = YES_AGGRESSIVE;
				GCC_WARN_UNUSED_FUNCTION = YES;
				GCC_WARN_UNUSED_VARIABLE = YES;
				MACOSX_DEPLOYMENT_TARGET = 10.12;
				MTL_ENABLE_DEBUG_INFO = YES;
				ONLY_ACTIVE_ARCH = YES;
				SDKROOT = macosx;
			};
			name = Debug;
		};
		5F834C531FD78F1E0092B859 /* Release */ = {
			isa = XCBuildConfiguration;
			buildSettings = {
				ALWAYS_SEARCH_USER_PATHS = NO;
				CLANG_ANALYZER_NONNULL = YES;
				CLANG_ANALYZER_NUMBER_OBJECT_CONVERSION = YES_AGGRESSIVE;
				CLANG_CXX_LANGUAGE_STANDARD = "gnu++0x";
				CLANG_CXX_LIBRARY = "libc++";
				CLANG_ENABLE_MODULES = YES;
				CLANG_ENABLE_OBJC_ARC = YES;
				CLANG_WARN_BOOL_CONVERSION = YES;
				CLANG_WARN_CONSTANT_CONVERSION = YES;
				CLANG_WARN_DIRECT_OBJC_ISA_USAGE = YES_ERROR;
				CLANG_WARN_DOCUMENTATION_COMMENTS = YES;
				CLANG_WARN_EMPTY_BODY = YES;
				CLANG_WARN_ENUM_CONVERSION = YES;
				CLANG_WARN_INFINITE_RECURSION = YES;
				CLANG_WARN_INT_CONVERSION = YES;
				CLANG_WARN_OBJC_ROOT_CLASS = YES_ERROR;
				CLANG_WARN_SUSPICIOUS_MOVE = YES;
				CLANG_WARN_UNREACHABLE_CODE = YES;
				CLANG_WARN__DUPLICATE_METHOD_MATCH = YES;
				CODE_SIGN_IDENTITY = "-";
				COPY_PHASE_STRIP = NO;
				DEBUG_INFORMATION_FORMAT = "dwarf-with-dsym";
				ENABLE_NS_ASSERTIONS = NO;
				ENABLE_STRICT_OBJC_MSGSEND = YES;
				GCC_C_LANGUAGE_STANDARD = gnu99;
				GCC_NO_COMMON_BLOCKS = YES;
				GCC_WARN_64_TO_32_BIT_CONVERSION = YES;
				GCC_WARN_ABOUT_RETURN_TYPE = YES_ERROR;
				GCC_WARN_UNDECLARED_SELECTOR = YES;
				GCC_WARN_UNINITIALIZED_AUTOS = YES_AGGRESSIVE;
				GCC_WARN_UNUSED_FUNCTION = YES;
				GCC_WARN_UNUSED_VARIABLE = YES;
				MACOSX_DEPLOYMENT_TARGET = 10.12;
				MTL_ENABLE_DEBUG_INFO = NO;
				SDKROOT = macosx;
			};
			name = Release;
		};
		5F834C551FD78F1E0092B859 /* Debug */ = {
			isa = XCBuildConfiguration;
			buildSettings = {
				PRODUCT_NAME = "$(TARGET_NAME)";
			};
			name = Debug;
		};
		5F834C561FD78F1E0092B859 /* Release */ = {
			isa = XCBuildConfiguration;
			buildSettings = {
				PRODUCT_NAME = "$(TARGET_NAME)";
			};
			name = Release;
		};
/* End XCBuildConfiguration section */

/* Begin XCConfigurationList section */
		5F834C481FD78F1E0092B859 /* Build configuration list for PBXProject "Compiler" */ = {
			isa = XCConfigurationList;
			buildConfigurations = (
				5F834C521FD78F1E0092B859 /* Debug */,
				5F834C531FD78F1E0092B859 /* Release */,
			);
			defaultConfigurationIsVisible = 0;
			defaultConfigurationName = Release;
		};
		5F834C541FD78F1E0092B859 /* Build configuration list for PBXNativeTarget "Compiler" */ = {
			isa = XCConfigurationList;
			buildConfigurations = (
				5F834C551FD78F1E0092B859 /* Debug */,
				5F834C561FD78F1E0092B859 /* Release */,
			);
			defaultConfigurationIsVisible = 0;
			defaultConfigurationName = Release;
		};
/* End XCConfigurationList section */
	};
	rootObject = 5F834C451FD78F1E0092B859 /* Project object */;
}
